
Microsoft Visual Studio Solution File, Format Version 12.00
# Visual Studio Version 17
VisualStudioVersion = 17.0.32112.339
MinimumVisualStudioVersion = 10.0.40219.1
Project("{9A19103F-16F7-4668-BE54-9A1E7A4F7556}") = "RecordKeeperWinForm", "RecordKeeperWinForm\RecordKeeperWinForm.csproj", "{1483134F-3800-4B19-A282-7C7F15A1A4EE}"
EndProject
Project("{9A19103F-16F7-4668-BE54-9A1E7A4F7556}") = "CPUFramework", "..\CPUFramework\CPUFramework.csproj", "{61A1A4B9-E2B8-4B3E-9732-11401708D24E}"
EndProject
Project("{9A19103F-16F7-4668-BE54-9A1E7A4F7556}") = "RecordKeeperBizObjects", "RecordKeeperBizObjects\RecordKeeperBizObjects.csproj", "{2236B74A-25E6-4615-8368-A2BE821BB1F3}"
EndProject
Project("{9A19103F-16F7-4668-BE54-9A1E7A4F7556}") = "RecordKeeperTest", "RecordKeeperTest\RecordKeeperTest.csproj", "{DF6619DF-195A-4093-8E8E-483662BEB473}"
EndProject
Project("{FAE04EC0-301F-11D3-BF4B-00C04F79EFBC}") = "RecordKeeperWeb", "RecordKeeperWeb\RecordKeeperWeb.csproj", "{F3C68C97-E3F2-4D28-A9D9-DF87C0951981}"
EndProject
Global
	GlobalSection(SolutionConfigurationPlatforms) = preSolution
		Debug|Any CPU = Debug|Any CPU
		Release|Any CPU = Release|Any CPU
	EndGlobalSection
	GlobalSection(ProjectConfigurationPlatforms) = postSolution
		{1483134F-3800-4B19-A282-7C7F15A1A4EE}.Debug|Any CPU.ActiveCfg = Debug|Any CPU
		{1483134F-3800-4B19-A282-7C7F15A1A4EE}.Debug|Any CPU.Build.0 = Debug|Any CPU
		{1483134F-3800-4B19-A282-7C7F15A1A4EE}.Release|Any CPU.ActiveCfg = Release|Any CPU
		{1483134F-3800-4B19-A282-7C7F15A1A4EE}.Release|Any CPU.Build.0 = Release|Any CPU
		{61A1A4B9-E2B8-4B3E-9732-11401708D24E}.Debug|Any CPU.ActiveCfg = Debug|Any CPU
		{61A1A4B9-E2B8-4B3E-9732-11401708D24E}.Debug|Any CPU.Build.0 = Debug|Any CPU
		{61A1A4B9-E2B8-4B3E-9732-11401708D24E}.Release|Any CPU.ActiveCfg = Release|Any CPU
		{61A1A4B9-E2B8-4B3E-9732-11401708D24E}.Release|Any CPU.Build.0 = Release|Any CPU
		{2236B74A-25E6-4615-8368-A2BE821BB1F3}.Debug|Any CPU.ActiveCfg = Debug|Any CPU
		{2236B74A-25E6-4615-8368-A2BE821BB1F3}.Debug|Any CPU.Build.0 = Debug|Any CPU
		{2236B74A-25E6-4615-8368-A2BE821BB1F3}.Release|Any CPU.ActiveCfg = Release|Any CPU
		{2236B74A-25E6-4615-8368-A2BE821BB1F3}.Release|Any CPU.Build.0 = Release|Any CPU
		{DF6619DF-195A-4093-8E8E-483662BEB473}.Debug|Any CPU.ActiveCfg = Debug|Any CPU
		{DF6619DF-195A-4093-8E8E-483662BEB473}.Debug|Any CPU.Build.0 = Debug|Any CPU
		{DF6619DF-195A-4093-8E8E-483662BEB473}.Release|Any CPU.ActiveCfg = Release|Any CPU
		{DF6619DF-195A-4093-8E8E-483662BEB473}.Release|Any CPU.Build.0 = Release|Any CPU
		{F3C68C97-E3F2-4D28-A9D9-DF87C0951981}.Debug|Any CPU.ActiveCfg = Debug|Any CPU
		{F3C68C97-E3F2-4D28-A9D9-DF87C0951981}.Debug|Any CPU.Build.0 = Debug|Any CPU
		{F3C68C97-E3F2-4D28-A9D9-DF87C0951981}.Release|Any CPU.ActiveCfg = Release|Any CPU
		{F3C68C97-E3F2-4D28-A9D9-DF87C0951981}.Release|Any CPU.Build.0 = Release|Any CPU
	EndGlobalSection
	GlobalSection(SolutionProperties) = preSolution
		HideSolutionNode = FALSE
	EndGlobalSection
	GlobalSection(ExtensibilityGlobals) = postSolution
		SolutionGuid = {5205C6F9-B7B0-4F52-B98C-15B0720366F4}
	EndGlobalSection
EndGlobal
